
Microsoft Visual Studio Solution File, Format Version 12.00
# Visual Studio Version 16
VisualStudioVersion = 16.0.31402.337
MinimumVisualStudioVersion = 10.0.40219.1
Project("{FAE04EC0-301F-11D3-BF4B-00C04F79EFBC}") = "LuggageSortingPlant_V2.00", "LuggageSortingPlant_V2.00\LuggageSortingPlant_V2.00.csproj", "{ECBE9B05-CC75-4CAB-8C42-954F06248ED6}"
EndProject
Global
	GlobalSection(SolutionConfigurationPlatforms) = preSolution
		Debug|Any CPU = Debug|Any CPU
		Release|Any CPU = Release|Any CPU
	EndGlobalSection
	GlobalSection(ProjectConfigurationPlatforms) = postSolution
		{ECBE9B05-CC75-4CAB-8C42-954F06248ED6}.Debug|Any CPU.ActiveCfg = Debug|Any CPU
		{ECBE9B05-CC75-4CAB-8C42-954F06248ED6}.Debug|Any CPU.Build.0 = Debug|Any CPU
		{ECBE9B05-CC75-4CAB-8C42-954F06248ED6}.Release|Any CPU.ActiveCfg = Release|Any CPU
		{ECBE9B05-CC75-4CAB-8C42-954F06248ED6}.Release|Any CPU.Build.0 = Release|Any CPU
	EndGlobalSection
	GlobalSection(SolutionProperties) = preSolution
		HideSolutionNode = FALSE
	EndGlobalSection
	GlobalSection(ExtensibilityGlobals) = postSolution
		SolutionGuid = {1712CE25-292F-4F90-9FD7-C45181625A5C}
	EndGlobalSection
EndGlobal
